{
  "version": 4,
  "terraform_version": "1.3.9",
  "serial": 40,
  "lineage": "86b7c827-181e-b5c2-066a-0c07ab795d19",
  "outputs": {
    "v": {
      "value": {
        "http_tcp_listener_arns": [
          "arn:aws:elasticloadbalancing:ap-northeast-2:182024812696:listener/app/todolist-alb-poc/32222ede2e5866ca/8d38b588d8c098a3"
        ],
        "http_tcp_listener_ids": [
          "arn:aws:elasticloadbalancing:ap-northeast-2:182024812696:listener/app/todolist-alb-poc/32222ede2e5866ca/8d38b588d8c098a3"
        ],
        "https_listener_arns": [],
        "https_listener_ids": [],
        "lb_arn": "arn:aws:elasticloadbalancing:ap-northeast-2:182024812696:loadbalancer/app/todolist-alb-poc/32222ede2e5866ca",
        "lb_arn_suffix": "app/todolist-alb-poc/32222ede2e5866ca",
        "lb_dns_name": "todolist-alb-poc-1992200202.ap-northeast-2.elb.amazonaws.com",
        "lb_id": "arn:aws:elasticloadbalancing:ap-northeast-2:182024812696:loadbalancer/app/todolist-alb-poc/32222ede2e5866ca",
        "lb_zone_id": "ZWKZPGTI48KDX",
        "security_group_arn": "arn:aws:ec2:ap-northeast-2:182024812696:security-group/sg-0aa4fe807826c49cd",
        "security_group_id": "sg-0aa4fe807826c49cd",
        "target_group_arn_suffixes": [
          "targetgroup/blue-todolist-tg/77526cd5c010706f",
          "targetgroup/grenn-todolist-tg/73c18587d934fdd2"
        ],
        "target_group_arns": [
          "arn:aws:elasticloadbalancing:ap-northeast-2:182024812696:targetgroup/blue-todolist-tg/77526cd5c010706f",
          "arn:aws:elasticloadbalancing:ap-northeast-2:182024812696:targetgroup/grenn-todolist-tg/73c18587d934fdd2"
        ],
        "target_group_attachments": {},
        "target_group_names": [
          "blue-todolist-tg",
          "grenn-todolist-tg"
        ]
      },
      "type": [
        "object",
        {
          "http_tcp_listener_arns": [
            "tuple",
            [
              "string"
            ]
          ],
          "http_tcp_listener_ids": [
            "tuple",
            [
              "string"
            ]
          ],
          "https_listener_arns": [
            "tuple",
            []
          ],
          "https_listener_ids": [
            "tuple",
            []
          ],
          "lb_arn": "string",
          "lb_arn_suffix": "string",
          "lb_dns_name": "string",
          "lb_id": "string",
          "lb_zone_id": "string",
          "security_group_arn": "string",
          "security_group_id": "string",
          "target_group_arn_suffixes": [
            "tuple",
            [
              "string",
              "string"
            ]
          ],
          "target_group_arns": [
            "tuple",
            [
              "string",
              "string"
            ]
          ],
          "target_group_attachments": [
            "object",
            {}
          ],
          "target_group_names": [
            "tuple",
            [
              "string",
              "string"
            ]
          ]
        }
      ]
    }
  },
  "resources": [
    {
      "mode": "managed",
      "type": "aws_appautoscaling_policy",
      "name": "ecs_policy_cpu",
      "provider": "provider[\"registry.terraform.io/hashicorp/aws\"]",
      "instances": [
        {
          "schema_version": 0,
          "attributes": {
            "alarm_arns": [
              "arn:aws:cloudwatch:ap-northeast-2:182024812696:alarm:TargetTracking-service/todolist-cluster-poc/healthcheck-container-poc-AlarmHigh-a177327a-743d-4eff-a6b4-08657ce423d4",
              "arn:aws:cloudwatch:ap-northeast-2:182024812696:alarm:TargetTracking-service/todolist-cluster-poc/healthcheck-container-poc-AlarmLow-67c47e9e-0d69-4b4f-954a-65804507e9c1"
            ],
            "arn": "arn:aws:autoscaling:ap-northeast-2:182024812696:scalingPolicy:15fc4691-a19e-4df8-ba5a-ad024e5c8068:resource/ecs/service/todolist-cluster-poc/healthcheck-container-poc:policyName/cpu-autoscaling",
            "id": "cpu-autoscaling",
            "name": "cpu-autoscaling",
            "policy_type": "TargetTrackingScaling",
            "resource_id": "service/todolist-cluster-poc/healthcheck-container-poc",
            "scalable_dimension": "ecs:service:DesiredCount",
            "service_namespace": "ecs",
            "step_scaling_policy_configuration": [],
            "target_tracking_scaling_policy_configuration": [
              {
                "customized_metric_specification": [],
                "disable_scale_in": false,
                "predefined_metric_specification": [
                  {
                    "predefined_metric_type": "ECSServiceAverageCPUUtilization",
                    "resource_label": ""
                  }
                ],
                "scale_in_cooldown": 300,
                "scale_out_cooldown": 300,
                "target_value": 60
              }
            ]
          },
          "sensitive_attributes": [],
          "private": "bnVsbA==",
          "dependencies": [
            "aws_appautoscaling_target.ecs_target",
            "aws_cloudwatch_log_group.todolist-log-group",
            "aws_ecs_cluster.cluster",
            "aws_ecs_service.service",
            "aws_ecs_task_definition.task_definition",
            "aws_iam_role.ecs",
            "aws_kms_key.kms",
            "aws_security_group.todolist-alb-sg",
            "aws_security_group.todolist-ecs-sg",
            "aws_subnet.publics",
            "aws_vpc.vpc",
            "module.alb-todolist.aws_lb_target_group.main"
          ]
        }
      ]
    },
    {
      "mode": "managed",
      "type": "aws_appautoscaling_policy",
      "name": "ecs_policy_memory",
      "provider": "provider[\"registry.terraform.io/hashicorp/aws\"]",
      "instances": [
        {
          "schema_version": 0,
          "attributes": {
            "alarm_arns": [
              "arn:aws:cloudwatch:ap-northeast-2:182024812696:alarm:TargetTracking-service/todolist-cluster-poc/healthcheck-container-poc-AlarmHigh-5dbb508f-8584-41da-993c-028b1114240a",
              "arn:aws:cloudwatch:ap-northeast-2:182024812696:alarm:TargetTracking-service/todolist-cluster-poc/healthcheck-container-poc-AlarmLow-a9a89c02-b9ce-43c1-8119-9f5f447a4c85"
            ],
            "arn": "arn:aws:autoscaling:ap-northeast-2:182024812696:scalingPolicy:15fc4691-a19e-4df8-ba5a-ad024e5c8068:resource/ecs/service/todolist-cluster-poc/healthcheck-container-poc:policyName/memory-autoscaling",
            "id": "memory-autoscaling",
            "name": "memory-autoscaling",
            "policy_type": "TargetTrackingScaling",
            "resource_id": "service/todolist-cluster-poc/healthcheck-container-poc",
            "scalable_dimension": "ecs:service:DesiredCount",
            "service_namespace": "ecs",
            "step_scaling_policy_configuration": [],
            "target_tracking_scaling_policy_configuration": [
              {
                "customized_metric_specification": [],
                "disable_scale_in": false,
                "predefined_metric_specification": [
                  {
                    "predefined_metric_type": "ECSServiceAverageMemoryUtilization",
                    "resource_label": ""
                  }
                ],
                "scale_in_cooldown": 300,
                "scale_out_cooldown": 300,
                "target_value": 80
              }
            ]
          },
          "sensitive_attributes": [],
          "private": "bnVsbA==",
          "dependencies": [
            "aws_appautoscaling_target.ecs_target",
            "aws_cloudwatch_log_group.todolist-log-group",
            "aws_ecs_cluster.cluster",
            "aws_ecs_service.service",
            "aws_ecs_task_definition.task_definition",
            "aws_iam_role.ecs",
            "aws_kms_key.kms",
            "aws_security_group.todolist-alb-sg",
            "aws_security_group.todolist-ecs-sg",
            "aws_subnet.publics",
            "aws_vpc.vpc",
            "module.alb-todolist.aws_lb_target_group.main"
          ]
        }
      ]
    },
    {
      "mode": "managed",
      "type": "aws_appautoscaling_target",
      "name": "ecs_target",
      "provider": "provider[\"registry.terraform.io/hashicorp/aws\"]",
      "instances": [
        {
          "schema_version": 0,
          "attributes": {
            "arn": "arn:aws:application-autoscaling:ap-northeast-2:182024812696:scalable-target/0ec515fc4691a19e4df8ba5aad024e5c8068",
            "id": "service/todolist-cluster-poc/healthcheck-container-poc",
            "max_capacity": 4,
            "min_capacity": 1,
            "resource_id": "service/todolist-cluster-poc/healthcheck-container-poc",
            "role_arn": "arn:aws:iam::182024812696:role/aws-service-role/ecs.application-autoscaling.amazonaws.com/AWSServiceRoleForApplicationAutoScaling_ECSService",
            "scalable_dimension": "ecs:service:DesiredCount",
            "service_namespace": "ecs",
            "tags": {},
            "tags_all": {}
          },
          "sensitive_attributes": [],
          "private": "bnVsbA==",
          "dependencies": [
            "aws_cloudwatch_log_group.todolist-log-group",
            "aws_ecs_cluster.cluster",
            "aws_ecs_service.service",
            "aws_ecs_task_definition.task_definition",
            "aws_iam_role.ecs",
            "aws_kms_key.kms",
            "aws_security_group.todolist-alb-sg",
            "aws_security_group.todolist-ecs-sg",
            "aws_subnet.publics",
            "aws_vpc.vpc",
            "module.alb-todolist.aws_lb_target_group.main"
          ]
        }
      ]
    },
    {
      "mode": "managed",
      "type": "aws_cloudwatch_log_group",
      "name": "todolist-log-group",
      "provider": "provider[\"registry.terraform.io/hashicorp/aws\"]",
      "instances": [
        {
          "schema_version": 0,
          "attributes": {
            "arn": "arn:aws:logs:ap-northeast-2:182024812696:log-group:todolist-logs-poc",
            "id": "todolist-logs-poc",
            "kms_key_id": "",
            "name": "todolist-logs-poc",
            "name_prefix": "",
            "retention_in_days": 0,
            "skip_destroy": false,
            "tags": {},
            "tags_all": {}
          },
          "sensitive_attributes": [],
          "private": "bnVsbA==",
          "create_before_destroy": true
        }
      ]
    },
    {
      "mode": "managed",
      "type": "aws_codedeploy_app",
      "name": "ecs_code_deploy",
      "provider": "provider[\"registry.terraform.io/hashicorp/aws\"]",
      "instances": [
        {
          "schema_version": 0,
          "attributes": {
            "application_id": "c8f3503d-0003-48f1-8e12-c5cb659d7f0f",
            "arn": "arn:aws:codedeploy:ap-northeast-2:182024812696:application:poc-cd-app",
            "compute_platform": "ECS",
            "github_account_name": "",
            "id": "c8f3503d-0003-48f1-8e12-c5cb659d7f0f:poc-cd-app",
            "linked_to_github": false,
            "name": "poc-cd-app",
            "tags": {},
            "tags_all": {}
          },
          "sensitive_attributes": [],
          "private": "bnVsbA=="
        }
      ]
    },
    {
      "mode": "managed",
      "type": "aws_codedeploy_deployment_group",
      "name": "ecs_code_deploy_group",
      "provider": "provider[\"registry.terraform.io/hashicorp/aws\"]",
      "instances": [
        {
          "schema_version": 0,
          "attributes": {
            "alarm_configuration": [],
            "app_name": "poc-cd-app",
            "arn": "arn:aws:codedeploy:ap-northeast-2:182024812696:deploymentgroup:poc-cd-app/bluegreen-deploy",
            "auto_rollback_configuration": [
              {
                "enabled": true,
                "events": [
                  "DEPLOYMENT_FAILURE"
                ]
              }
            ],
            "autoscaling_groups": [],
            "blue_green_deployment_config": [
              {
                "deployment_ready_option": [
                  {
                    "action_on_timeout": "CONTINUE_DEPLOYMENT",
                    "wait_time_in_minutes": 0
                  }
                ],
                "green_fleet_provisioning_option": [],
                "terminate_blue_instances_on_deployment_success": [
                  {
                    "action": "TERMINATE",
                    "termination_wait_time_in_minutes": 1
                  }
                ]
              }
            ],
            "compute_platform": "ECS",
            "deployment_config_name": "CodeDeployDefault.ECSAllAtOnce",
            "deployment_group_id": "f34edffb-9fd3-4cff-a728-d6ff75aa8ad4",
            "deployment_group_name": "bluegreen-deploy",
            "deployment_style": [
              {
                "deployment_option": "WITH_TRAFFIC_CONTROL",
                "deployment_type": "BLUE_GREEN"
              }
            ],
            "ec2_tag_filter": [],
            "ec2_tag_set": [],
            "ecs_service": [
              {
                "cluster_name": "todolist-cluster-poc",
                "service_name": "healthcheck-container-poc"
              }
            ],
            "id": "f34edffb-9fd3-4cff-a728-d6ff75aa8ad4",
            "load_balancer_info": [
              {
                "elb_info": [],
                "target_group_info": [],
                "target_group_pair_info": [
                  {
                    "prod_traffic_route": [
                      {
                        "listener_arns": [
                          "arn:aws:elasticloadbalancing:ap-northeast-2:182024812696:listener/app/todolist-alb-poc/32222ede2e5866ca/8d38b588d8c098a3"
                        ]
                      }
                    ],
                    "target_group": [
                      {
                        "name": "blue-todolist-tg"
                      },
                      {
                        "name": "grenn-todolist-tg"
                      }
                    ],
                    "test_traffic_route": []
                  }
                ]
              }
            ],
            "on_premises_instance_tag_filter": [],
            "service_role_arn": "arn:aws:iam::182024812696:role/codedeploy",
            "tags": {},
            "tags_all": {},
            "trigger_configuration": []
          },
          "sensitive_attributes": [],
          "private": "bnVsbA==",
          "dependencies": [
            "aws_cloudwatch_log_group.todolist-log-group",
            "aws_codedeploy_app.ecs_code_deploy",
            "aws_ecs_cluster.cluster",
            "aws_ecs_service.service",
            "aws_ecs_task_definition.task_definition",
            "aws_iam_role.codedeploy",
            "aws_iam_role.ecs",
            "aws_kms_key.kms",
            "aws_security_group.todolist-alb-sg",
            "aws_security_group.todolist-ecs-sg",
            "aws_subnet.publics",
            "aws_vpc.vpc",
            "module.alb-todolist.aws_lb.this",
            "module.alb-todolist.aws_lb_listener.frontend_http_tcp",
            "module.alb-todolist.aws_lb_target_group.main",
            "module.alb-todolist.aws_security_group.this"
          ]
        }
      ]
    },
    {
      "mode": "managed",
      "type": "aws_ecr_lifecycle_policy",
      "name": "ecr_policy",
      "provider": "provider[\"registry.terraform.io/hashicorp/aws\"]",
      "instances": [
        {
          "schema_version": 0,
          "attributes": {
            "id": "todolist-repository-poc",
            "policy": "{\"rules\":[{\"action\":{\"type\":\"expire\"},\"description\":\"keep last 10 images\",\"rulePriority\":1,\"selection\":{\"countNumber\":10,\"countType\":\"imageCountMoreThan\",\"tagStatus\":\"any\"}}]}",
            "registry_id": "182024812696",
            "repository": "todolist-repository-poc"
          },
          "sensitive_attributes": [],
          "private": "bnVsbA==",
          "dependencies": [
            "aws_ecr_repository.todolist"
          ]
        }
      ]
    },
    {
      "mode": "managed",
      "type": "aws_ecr_repository",
      "name": "todolist",
      "provider": "provider[\"registry.terraform.io/hashicorp/aws\"]",
      "instances": [
        {
          "schema_version": 0,
          "attributes": {
            "arn": "arn:aws:ecr:ap-northeast-2:182024812696:repository/todolist-repository-poc",
            "encryption_configuration": [
              {
                "encryption_type": "AES256",
                "kms_key": ""
              }
            ],
            "force_delete": null,
            "id": "todolist-repository-poc",
            "image_scanning_configuration": [
              {
                "scan_on_push": true
              }
            ],
            "image_tag_mutability": "MUTABLE",
            "name": "todolist-repository-poc",
            "registry_id": "182024812696",
            "repository_url": "182024812696.dkr.ecr.ap-northeast-2.amazonaws.com/todolist-repository-poc",
            "tags": {},
            "tags_all": {},
            "timeouts": null
          },
          "sensitive_attributes": [],
          "private": "eyJlMmJmYjczMC1lY2FhLTExZTYtOGY4OC0zNDM2M2JjN2M0YzAiOnsiZGVsZXRlIjoxMjAwMDAwMDAwMDAwfX0="
        }
      ]
    },
    {
      "mode": "managed",
      "type": "aws_ecs_cluster",
      "name": "cluster",
      "provider": "provider[\"registry.terraform.io/hashicorp/aws\"]",
      "instances": [
        {
          "schema_version": 0,
          "attributes": {
            "arn": "arn:aws:ecs:ap-northeast-2:182024812696:cluster/todolist-cluster-poc",
            "configuration": [
              {
                "execute_command_configuration": [
                  {
                    "kms_key_id": "arn:aws:kms:ap-northeast-2:182024812696:key/efd93704-3921-47e2-b9ed-a8225dc7050b",
                    "log_configuration": [
                      {
                        "cloud_watch_encryption_enabled": true,
                        "cloud_watch_log_group_name": "todolist-logs-poc",
                        "s3_bucket_encryption_enabled": false,
                        "s3_bucket_name": "",
                        "s3_key_prefix": ""
                      }
                    ],
                    "logging": "OVERRIDE"
                  }
                ]
              }
            ],
            "id": "arn:aws:ecs:ap-northeast-2:182024812696:cluster/todolist-cluster-poc",
            "name": "todolist-cluster-poc",
            "service_connect_defaults": [],
            "setting": [
              {
                "name": "containerInsights",
                "value": "enabled"
              }
            ],
            "tags": {},
            "tags_all": {}
          },
          "sensitive_attributes": [],
          "private": "bnVsbA==",
          "dependencies": [
            "aws_cloudwatch_log_group.todolist-log-group",
            "aws_kms_key.kms"
          ],
          "create_before_destroy": true
        }
      ]
    },
    {
      "mode": "managed",
      "type": "aws_ecs_cluster_capacity_providers",
      "name": "cluster-provider",
      "provider": "provider[\"registry.terraform.io/hashicorp/aws\"]",
      "instances": [
        {
          "schema_version": 0,
          "attributes": {
            "capacity_providers": [
              "FARGATE",
              "FARGATE_SPOT"
            ],
            "cluster_name": "todolist-cluster-poc",
            "default_capacity_provider_strategy": [
              {
                "base": 0,
                "capacity_provider": "FARGATE",
                "weight": 1
              },
              {
                "base": 0,
                "capacity_provider": "FARGATE_SPOT",
                "weight": 3
              }
            ],
            "id": "todolist-cluster-poc"
          },
          "sensitive_attributes": [],
          "private": "bnVsbA==",
          "dependencies": [
            "aws_cloudwatch_log_group.todolist-log-group",
            "aws_ecs_cluster.cluster",
            "aws_kms_key.kms"
          ]
        }
      ]
    },
    {
      "mode": "managed",
      "type": "aws_ecs_service",
      "name": "service",
      "provider": "provider[\"registry.terraform.io/hashicorp/aws\"]",
      "instances": [
        {
          "schema_version": 0,
          "attributes": {
            "alarms": [],
            "capacity_provider_strategy": [],
            "cluster": "arn:aws:ecs:ap-northeast-2:182024812696:cluster/todolist-cluster-poc",
            "deployment_circuit_breaker": [],
            "deployment_controller": [
              {
                "type": "CODE_DEPLOY"
              }
            ],
            "deployment_maximum_percent": 200,
            "deployment_minimum_healthy_percent": 100,
            "desired_count": 1,
            "enable_ecs_managed_tags": false,
            "enable_execute_command": false,
            "force_new_deployment": true,
            "health_check_grace_period_seconds": 0,
            "iam_role": "/aws-service-role/ecs.amazonaws.com/AWSServiceRoleForECS",
            "id": "arn:aws:ecs:ap-northeast-2:182024812696:service/todolist-cluster-poc/healthcheck-container-poc",
            "launch_type": "FARGATE",
            "load_balancer": [
              {
                "container_name": "healthcheck-container-poc",
                "container_port": 3000,
                "elb_name": "",
                "target_group_arn": "arn:aws:elasticloadbalancing:ap-northeast-2:182024812696:targetgroup/blue-todolist-tg/77526cd5c010706f"
              }
            ],
            "name": "healthcheck-container-poc",
            "network_configuration": [
              {
                "assign_public_ip": true,
                "security_groups": [
                  "sg-0aa993a4a58861271"
                ],
                "subnets": [
                  "subnet-05808141f0c093170",
                  "subnet-090a39e7021af0252"
                ]
              }
            ],
            "ordered_placement_strategy": [],
            "placement_constraints": [],
            "platform_version": "1.4.0",
            "propagate_tags": "NONE",
            "scheduling_strategy": "REPLICA",
            "service_connect_configuration": [],
            "service_registries": [],
            "tags": {},
            "tags_all": {},
            "task_definition": "arn:aws:ecs:ap-northeast-2:182024812696:task-definition/todolist-family:40",
            "timeouts": null,
            "triggers": {},
            "wait_for_steady_state": false
          },
          "sensitive_attributes": [],
          "private": "eyJlMmJmYjczMC1lY2FhLTExZTYtOGY4OC0zNDM2M2JjN2M0YzAiOnsiY3JlYXRlIjoxMjAwMDAwMDAwMDAwLCJkZWxldGUiOjEyMDAwMDAwMDAwMDAsInVwZGF0ZSI6MTIwMDAwMDAwMDAwMH19",
          "dependencies": [
            "aws_cloudwatch_log_group.todolist-log-group",
            "aws_ecs_cluster.cluster",
            "aws_ecs_task_definition.task_definition",
            "aws_iam_role.ecs",
            "aws_kms_key.kms",
            "aws_security_group.todolist-alb-sg",
            "aws_security_group.todolist-ecs-sg",
            "aws_subnet.publics",
            "aws_vpc.vpc",
            "module.alb-todolist.aws_lb_target_group.main"
          ],
          "create_before_destroy": true
        }
      ]
    },
    {
      "mode": "managed",
      "type": "aws_ecs_task_definition",
      "name": "task_definition",
      "provider": "provider[\"registry.terraform.io/hashicorp/aws\"]",
      "instances": [
        {
          "schema_version": 1,
          "attributes": {
            "arn": "arn:aws:ecs:ap-northeast-2:182024812696:task-definition/todolist-family:40",
            "arn_without_revision": "arn:aws:ecs:ap-northeast-2:182024812696:task-definition/todolist-family",
            "container_definitions": "[{\"cpu\":256,\"environment\":[{\"name\":\"PORT\",\"value\":\"3000\"}],\"essential\":true,\"image\":\"zkfmapf123/healthcheck\",\"logConfiguration\":{\"logDriver\":\"awslogs\",\"options\":{\"awslogs-create-group\":\"true\",\"awslogs-group\":\"/ecs/todolist-ecs-family-poc\",\"awslogs-region\":\"ap-northeast-2\",\"awslogs-stream-prefix\":\"ecs\"}},\"memory\":512,\"mountPoints\":[],\"name\":\"healthcheck-container-poc\",\"portMappings\":[{\"containerPort\":3000,\"hostPort\":3000,\"protocol\":\"tcp\"}],\"volumesFrom\":[]}]",
            "cpu": "256",
            "ephemeral_storage": [],
            "execution_role_arn": "arn:aws:iam::182024812696:role/pipeline-ecs-task-definition-poc",
            "family": "todolist-family",
            "id": "todolist-family",
            "inference_accelerator": [],
            "ipc_mode": "",
            "memory": "512",
            "network_mode": "awsvpc",
            "pid_mode": "",
            "placement_constraints": [],
            "proxy_configuration": [],
            "requires_compatibilities": [
              "FARGATE"
            ],
            "revision": 40,
            "runtime_platform": [],
            "skip_destroy": false,
            "tags": {},
            "tags_all": {},
            "task_role_arn": "arn:aws:iam::182024812696:role/pipeline-ecs-task-definition-poc",
            "volume": []
          },
          "sensitive_attributes": [],
          "private": "eyJzY2hlbWFfdmVyc2lvbiI6IjEifQ==",
          "dependencies": [
            "aws_iam_role.ecs"
          ],
          "create_before_destroy": true
        }
      ]
    },
    {
      "mode": "managed",
      "type": "aws_iam_policy",
      "name": "cloudwatch-group",
      "provider": "provider[\"registry.terraform.io/hashicorp/aws\"]",
      "instances": [
        {
          "schema_version": 0,
          "attributes": {
            "arn": "arn:aws:iam::182024812696:policy/cloudwatch-group-poc",
            "description": "",
            "id": "arn:aws:iam::182024812696:policy/cloudwatch-group-poc",
            "name": "cloudwatch-group-poc",
            "name_prefix": "",
            "path": "/",
            "policy": "{\"Statement\":[{\"Action\":[\"logs:CreateLogGroup\",\"logs:CreateLogStream\",\"logs:PutLogEvents\"],\"Effect\":\"Allow\",\"Resource\":\"*\"}],\"Version\":\"2012-10-17\"}",
            "policy_id": "ANPASUYMGHCMLDA3OVX4K",
            "tags": {},
            "tags_all": {}
          },
          "sensitive_attributes": [],
          "private": "bnVsbA=="
        }
      ]
    },
    {
      "mode": "managed",
      "type": "aws_iam_policy",
      "name": "codedeploy_policy",
      "provider": "provider[\"registry.terraform.io/hashicorp/aws\"]",
      "instances": [
        {
          "schema_version": 0,
          "attributes": {
            "arn": "arn:aws:iam::182024812696:policy/codedeploy-policy",
            "description": "",
            "id": "arn:aws:iam::182024812696:policy/codedeploy-policy",
            "name": "codedeploy-policy",
            "name_prefix": "",
            "path": "/",
            "policy": "{\"Statement\":[{\"Action\":[\"ecs:CreateTaskSet\",\"ecs:DeleteTaskSet\",\"ecs:DescribeServices\",\"ecs:UpdateServicePrimaryTaskSet\",\"elasticloadbalancing:DescribeListeners\",\"elasticloadbalancing:DescribeRules\",\"elasticloadbalancing:DescribeTargetGroups\",\"elasticloadbalancing:ModifyListener\",\"elasticloadbalancing:ModifyRule\",\"s3:GetObject\"],\"Effect\":\"Allow\",\"Resource\":\"*\"},{\"Action\":[\"iam:PassRole\"],\"Effect\":\"Allow\",\"Resource\":[\"arn:aws:iam::182024812696:role/pipeline-ecs-task-definition-poc\"]}],\"Version\":\"2012-10-17\"}",
            "policy_id": "ANPASUYMGHCMCOYQUAF75",
            "tags": {},
            "tags_all": {}
          },
          "sensitive_attributes": [],
          "private": "bnVsbA==",
          "dependencies": [
            "aws_iam_role.ecs"
          ]
        }
      ]
    },
    {
      "mode": "managed",
      "type": "aws_iam_policy",
      "name": "get_ecr_list",
      "provider": "provider[\"registry.terraform.io/hashicorp/aws\"]",
      "instances": [
        {
          "schema_version": 0,
          "attributes": {
            "arn": "arn:aws:iam::182024812696:policy/get-ecr-list-poc",
            "description": "",
            "id": "arn:aws:iam::182024812696:policy/get-ecr-list-poc",
            "name": "get-ecr-list-poc",
            "name_prefix": "",
            "path": "/",
            "policy": "{\"Statement\":[{\"Action\":[\"ecr:GetAuthorizationToken\",\"ecr:BatchCheckLayerAvailability\",\"ecr:GetDownloadUrlForLayer\",\"ecr:BatchGetImage\"],\"Effect\":\"Allow\",\"Resource\":\"*\"}],\"Version\":\"2012-10-17\"}",
            "policy_id": "ANPASUYMGHCMINSZSBZWD",
            "tags": {},
            "tags_all": {}
          },
          "sensitive_attributes": [],
          "private": "bnVsbA=="
        }
      ]
    },
    {
      "mode": "managed",
      "type": "aws_iam_policy",
      "name": "lambda_hooks",
      "provider": "provider[\"registry.terraform.io/hashicorp/aws\"]",
      "instances": [
        {
          "schema_version": 0,
          "attributes": {
            "arn": "arn:aws:iam::182024812696:policy/lambda_hooks",
            "description": "",
            "id": "arn:aws:iam::182024812696:policy/lambda_hooks",
            "name": "lambda_hooks",
            "name_prefix": "",
            "path": "/",
            "policy": "{\"Statement\":[{\"Action\":[\"lambda:CreateFunction\",\"lambda:UpdateFunctionCode\",\"lambda:UpdateFunctionConfiguration\",\"lambda:DeleteFunction\",\"lambda:AddPermission\",\"lambda:RemovePermission\"],\"Effect\":\"Allow\",\"Resource\":\"*\"}],\"Version\":\"2012-10-17\"}",
            "policy_id": "ANPASUYMGHCMD3XBNJPVX",
            "tags": null,
            "tags_all": {}
          },
          "sensitive_attributes": [],
          "private": "bnVsbA=="
        }
      ]
    },
    {
      "mode": "managed",
      "type": "aws_iam_role",
      "name": "codedeploy",
      "provider": "provider[\"registry.terraform.io/hashicorp/aws\"]",
      "instances": [
        {
          "schema_version": 0,
          "attributes": {
            "arn": "arn:aws:iam::182024812696:role/codedeploy",
            "assume_role_policy": "{\"Statement\":[{\"Action\":\"sts:AssumeRole\",\"Effect\":\"Allow\",\"Principal\":{\"Service\":\"codedeploy.amazonaws.com\"},\"Sid\":\"\"}],\"Version\":\"2012-10-17\"}",
            "create_date": "2023-08-06T09:29:13Z",
            "description": "",
            "force_detach_policies": false,
            "id": "codedeploy",
            "inline_policy": [],
            "managed_policy_arns": [
              "arn:aws:iam::182024812696:policy/codedeploy-policy"
            ],
            "max_session_duration": 3600,
            "name": "codedeploy",
            "name_prefix": "",
            "path": "/",
            "permissions_boundary": null,
            "tags": {},
            "tags_all": {},
            "unique_id": "AROASUYMGHCMEL4L6EBVK"
          },
          "sensitive_attributes": [],
          "private": "bnVsbA=="
        }
      ]
    },
    {
      "mode": "managed",
      "type": "aws_iam_role",
      "name": "ecs",
      "provider": "provider[\"registry.terraform.io/hashicorp/aws\"]",
      "instances": [
        {
          "schema_version": 0,
          "attributes": {
            "arn": "arn:aws:iam::182024812696:role/pipeline-ecs-task-definition-poc",
            "assume_role_policy": "{\"Statement\":[{\"Action\":\"sts:AssumeRole\",\"Effect\":\"Allow\",\"Principal\":{\"Service\":\"ecs-tasks.amazonaws.com\"},\"Sid\":\"\"}],\"Version\":\"2008-10-17\"}",
            "create_date": "2023-08-06T09:29:13Z",
            "description": "",
            "force_detach_policies": false,
            "id": "pipeline-ecs-task-definition-poc",
            "inline_policy": [],
            "managed_policy_arns": [
              "arn:aws:iam::182024812696:policy/cloudwatch-group-poc",
              "arn:aws:iam::182024812696:policy/get-ecr-list-poc"
            ],
            "max_session_duration": 3600,
            "name": "pipeline-ecs-task-definition-poc",
            "name_prefix": "",
            "path": "/",
            "permissions_boundary": null,
            "tags": {
              "Name": "ecs-execution"
            },
            "tags_all": {
              "Name": "ecs-execution"
            },
            "unique_id": "AROASUYMGHCMEVKPCJEMM"
          },
          "sensitive_attributes": [],
          "private": "bnVsbA==",
          "create_before_destroy": true
        }
      ]
    },
    {
      "mode": "managed",
      "type": "aws_iam_role_policy_attachment",
      "name": "cloudwatch_group_attachment",
      "provider": "provider[\"registry.terraform.io/hashicorp/aws\"]",
      "instances": [
        {
          "index_key": "0",
          "schema_version": 0,
          "attributes": {
            "id": "pipeline-ecs-task-definition-poc-20230806092914626100000001",
            "policy_arn": "arn:aws:iam::182024812696:policy/cloudwatch-group-poc",
            "role": "pipeline-ecs-task-definition-poc"
          },
          "sensitive_attributes": [],
          "private": "bnVsbA==",
          "dependencies": [
            "aws_iam_policy.cloudwatch-group",
            "aws_iam_policy.get_ecr_list",
            "aws_iam_policy.lambda_hooks",
            "aws_iam_role.ecs"
          ]
        },
        {
          "index_key": "1",
          "schema_version": 0,
          "attributes": {
            "id": "pipeline-ecs-task-definition-poc-20230806092914626100000002",
            "policy_arn": "arn:aws:iam::182024812696:policy/get-ecr-list-poc",
            "role": "pipeline-ecs-task-definition-poc"
          },
          "sensitive_attributes": [],
          "private": "bnVsbA==",
          "dependencies": [
            "aws_iam_policy.cloudwatch-group",
            "aws_iam_policy.get_ecr_list",
            "aws_iam_policy.lambda_hooks",
            "aws_iam_role.ecs"
          ]
        },
        {
          "index_key": "2",
          "schema_version": 0,
          "attributes": {
            "id": "pipeline-ecs-task-definition-poc-20230806134320309600000001",
            "policy_arn": "arn:aws:iam::182024812696:policy/lambda_hooks",
            "role": "pipeline-ecs-task-definition-poc"
          },
          "sensitive_attributes": [],
          "private": "bnVsbA==",
          "dependencies": [
            "aws_iam_policy.cloudwatch-group",
            "aws_iam_policy.get_ecr_list",
            "aws_iam_policy.lambda_hooks",
            "aws_iam_role.ecs"
          ]
        }
      ]
    },
    {
      "mode": "managed",
      "type": "aws_iam_role_policy_attachment",
      "name": "codedeploy_attachment",
      "provider": "provider[\"registry.terraform.io/hashicorp/aws\"]",
      "instances": [
        {
          "schema_version": 0,
          "attributes": {
            "id": "codedeploy-20230806092915435900000003",
            "policy_arn": "arn:aws:iam::182024812696:policy/codedeploy-policy",
            "role": "codedeploy"
          },
          "sensitive_attributes": [],
          "private": "bnVsbA==",
          "dependencies": [
            "aws_iam_policy.codedeploy_policy",
            "aws_iam_role.codedeploy",
            "aws_iam_role.ecs"
          ]
        }
      ]
    },
    {
      "mode": "managed",
      "type": "aws_internet_gateway",
      "name": "igw",
      "provider": "provider[\"registry.terraform.io/hashicorp/aws\"]",
      "instances": [
        {
          "schema_version": 0,
          "attributes": {
            "arn": "arn:aws:ec2:ap-northeast-2:182024812696:internet-gateway/igw-0fb61053b5926820e",
            "id": "igw-0fb61053b5926820e",
            "owner_id": "182024812696",
            "tags": {
              "Name": "igw-poc"
            },
            "tags_all": {
              "Name": "igw-poc"
            },
            "timeouts": null,
            "vpc_id": "vpc-0e927f98dd6d76792"
          },
          "sensitive_attributes": [],
          "private": "eyJlMmJmYjczMC1lY2FhLTExZTYtOGY4OC0zNDM2M2JjN2M0YzAiOnsiY3JlYXRlIjoxMjAwMDAwMDAwMDAwLCJkZWxldGUiOjEyMDAwMDAwMDAwMDAsInVwZGF0ZSI6MTIwMDAwMDAwMDAwMH19",
          "dependencies": [
            "aws_vpc.vpc"
          ]
        }
      ]
    },
    {
      "mode": "managed",
      "type": "aws_kms_key",
      "name": "kms",
      "provider": "provider[\"registry.terraform.io/hashicorp/aws\"]",
      "instances": [
        {
          "schema_version": 0,
          "attributes": {
            "arn": "arn:aws:kms:ap-northeast-2:182024812696:key/efd93704-3921-47e2-b9ed-a8225dc7050b",
            "bypass_policy_lockout_safety_check": false,
            "custom_key_store_id": "",
            "customer_master_key_spec": "SYMMETRIC_DEFAULT",
            "deletion_window_in_days": 7,
            "description": "",
            "enable_key_rotation": false,
            "id": "efd93704-3921-47e2-b9ed-a8225dc7050b",
            "is_enabled": true,
            "key_id": "efd93704-3921-47e2-b9ed-a8225dc7050b",
            "key_usage": "ENCRYPT_DECRYPT",
            "multi_region": false,
            "policy": "{\"Id\":\"key-default-1\",\"Statement\":[{\"Action\":\"kms:*\",\"Effect\":\"Allow\",\"Principal\":{\"AWS\":\"arn:aws:iam::182024812696:root\"},\"Resource\":\"*\",\"Sid\":\"Enable IAM User Permissions\"}],\"Version\":\"2012-10-17\"}",
            "tags": {},
            "tags_all": {}
          },
          "sensitive_attributes": [],
          "private": "bnVsbA==",
          "create_before_destroy": true
        }
      ]
    },
    {
      "mode": "managed",
      "type": "aws_route_table",
      "name": "rt",
      "provider": "provider[\"registry.terraform.io/hashicorp/aws\"]",
      "instances": [
        {
          "schema_version": 0,
          "attributes": {
            "arn": "arn:aws:ec2:ap-northeast-2:182024812696:route-table/rtb-0bc09f803519028c4",
            "id": "rtb-0bc09f803519028c4",
            "owner_id": "182024812696",
            "propagating_vgws": [],
            "route": [
              {
                "carrier_gateway_id": "",
                "cidr_block": "0.0.0.0/0",
                "core_network_arn": "",
                "destination_prefix_list_id": "",
                "egress_only_gateway_id": "",
                "gateway_id": "igw-0fb61053b5926820e",
                "ipv6_cidr_block": "",
                "local_gateway_id": "",
                "nat_gateway_id": "",
                "network_interface_id": "",
                "transit_gateway_id": "",
                "vpc_endpoint_id": "",
                "vpc_peering_connection_id": ""
              }
            ],
            "tags": {},
            "tags_all": {},
            "timeouts": null,
            "vpc_id": "vpc-0e927f98dd6d76792"
          },
          "sensitive_attributes": [],
          "private": "eyJlMmJmYjczMC1lY2FhLTExZTYtOGY4OC0zNDM2M2JjN2M0YzAiOnsiY3JlYXRlIjozMDAwMDAwMDAwMDAsImRlbGV0ZSI6MzAwMDAwMDAwMDAwLCJ1cGRhdGUiOjEyMDAwMDAwMDAwMH19",
          "dependencies": [
            "aws_internet_gateway.igw",
            "aws_vpc.vpc"
          ]
        }
      ]
    },
    {
      "mode": "managed",
      "type": "aws_route_table_association",
      "name": "rt_mapping",
      "provider": "provider[\"registry.terraform.io/hashicorp/aws\"]",
      "instances": [
        {
          "index_key": "ap-northeast-2a",
          "schema_version": 0,
          "attributes": {
            "gateway_id": "",
            "id": "rtbassoc-00935c7f10e49cdaa",
            "route_table_id": "rtb-0bc09f803519028c4",
            "subnet_id": "subnet-090a39e7021af0252",
            "timeouts": null
          },
          "sensitive_attributes": [],
          "private": "eyJlMmJmYjczMC1lY2FhLTExZTYtOGY4OC0zNDM2M2JjN2M0YzAiOnsiY3JlYXRlIjozMDAwMDAwMDAwMDAsImRlbGV0ZSI6MzAwMDAwMDAwMDAwLCJ1cGRhdGUiOjEyMDAwMDAwMDAwMH19",
          "dependencies": [
            "aws_internet_gateway.igw",
            "aws_route_table.rt",
            "aws_subnet.publics",
            "aws_vpc.vpc"
          ]
        },
        {
          "index_key": "ap-northeast-2b",
          "schema_version": 0,
          "attributes": {
            "gateway_id": "",
            "id": "rtbassoc-00966aa3a1fe4a993",
            "route_table_id": "rtb-0bc09f803519028c4",
            "subnet_id": "subnet-05808141f0c093170",
            "timeouts": null
          },
          "sensitive_attributes": [],
          "private": "eyJlMmJmYjczMC1lY2FhLTExZTYtOGY4OC0zNDM2M2JjN2M0YzAiOnsiY3JlYXRlIjozMDAwMDAwMDAwMDAsImRlbGV0ZSI6MzAwMDAwMDAwMDAwLCJ1cGRhdGUiOjEyMDAwMDAwMDAwMH19",
          "dependencies": [
            "aws_internet_gateway.igw",
            "aws_route_table.rt",
            "aws_subnet.publics",
            "aws_vpc.vpc"
          ]
        }
      ]
    },
    {
      "mode": "managed",
      "type": "aws_security_group",
      "name": "todolist-alb-sg",
      "provider": "provider[\"registry.terraform.io/hashicorp/aws\"]",
      "instances": [
        {
          "schema_version": 1,
          "attributes": {
            "arn": "arn:aws:ec2:ap-northeast-2:182024812696:security-group/sg-0bc657cb85fab97f6",
            "description": "Managed by Terraform",
            "egress": [
              {
                "cidr_blocks": [
                  "0.0.0.0/0"
                ],
                "description": "",
                "from_port": 0,
                "ipv6_cidr_blocks": [],
                "prefix_list_ids": [],
                "protocol": "-1",
                "security_groups": [],
                "self": false,
                "to_port": 0
              }
            ],
            "id": "sg-0bc657cb85fab97f6",
            "ingress": [
              {
                "cidr_blocks": [
                  "0.0.0.0/0"
                ],
                "description": "",
                "from_port": 443,
                "ipv6_cidr_blocks": [],
                "prefix_list_ids": [],
                "protocol": "tcp",
                "security_groups": [],
                "self": false,
                "to_port": 443
              },
              {
                "cidr_blocks": [
                  "0.0.0.0/0"
                ],
                "description": "",
                "from_port": 80,
                "ipv6_cidr_blocks": [],
                "prefix_list_ids": [],
                "protocol": "tcp",
                "security_groups": [],
                "self": false,
                "to_port": 80
              }
            ],
            "name": "todolist-alb-sg-poc",
            "name_prefix": "",
            "owner_id": "182024812696",
            "revoke_rules_on_delete": false,
            "tags": {
              "Name": "todolist-alb-sg-poc"
            },
            "tags_all": {
              "Name": "todolist-alb-sg-poc"
            },
            "timeouts": null,
            "vpc_id": "vpc-0e927f98dd6d76792"
          },
          "sensitive_attributes": [],
          "private": "eyJlMmJmYjczMC1lY2FhLTExZTYtOGY4OC0zNDM2M2JjN2M0YzAiOnsiY3JlYXRlIjo2MDAwMDAwMDAwMDAsImRlbGV0ZSI6OTAwMDAwMDAwMDAwfSwic2NoZW1hX3ZlcnNpb24iOiIxIn0=",
          "dependencies": [
            "aws_vpc.vpc"
          ],
          "create_before_destroy": true
        }
      ]
    },
    {
      "mode": "managed",
      "type": "aws_security_group",
      "name": "todolist-ecs-sg",
      "provider": "provider[\"registry.terraform.io/hashicorp/aws\"]",
      "instances": [
        {
          "schema_version": 1,
          "attributes": {
            "arn": "arn:aws:ec2:ap-northeast-2:182024812696:security-group/sg-0aa993a4a58861271",
            "description": "Managed by Terraform",
            "egress": [
              {
                "cidr_blocks": [
                  "0.0.0.0/0"
                ],
                "description": "",
                "from_port": 0,
                "ipv6_cidr_blocks": [],
                "prefix_list_ids": [],
                "protocol": "-1",
                "security_groups": [],
                "self": false,
                "to_port": 0
              }
            ],
            "id": "sg-0aa993a4a58861271",
            "ingress": [
              {
                "cidr_blocks": [],
                "description": "",
                "from_port": 3000,
                "ipv6_cidr_blocks": [],
                "prefix_list_ids": [],
                "protocol": "tcp",
                "security_groups": [
                  "sg-0bc657cb85fab97f6"
                ],
                "self": false,
                "to_port": 3000
              }
            ],
            "name": "todolist-ecs-sg",
            "name_prefix": "",
            "owner_id": "182024812696",
            "revoke_rules_on_delete": false,
            "tags": {
              "Name": "todolist-ecs-sg"
            },
            "tags_all": {
              "Name": "todolist-ecs-sg"
            },
            "timeouts": null,
            "vpc_id": "vpc-0e927f98dd6d76792"
          },
          "sensitive_attributes": [],
          "private": "eyJlMmJmYjczMC1lY2FhLTExZTYtOGY4OC0zNDM2M2JjN2M0YzAiOnsiY3JlYXRlIjo2MDAwMDAwMDAwMDAsImRlbGV0ZSI6OTAwMDAwMDAwMDAwfSwic2NoZW1hX3ZlcnNpb24iOiIxIn0=",
          "dependencies": [
            "aws_security_group.todolist-alb-sg",
            "aws_vpc.vpc"
          ],
          "create_before_destroy": true
        }
      ]
    },
    {
      "mode": "managed",
      "type": "aws_security_group",
      "name": "todolist-rds-sg",
      "provider": "provider[\"registry.terraform.io/hashicorp/aws\"]",
      "instances": [
        {
          "schema_version": 1,
          "attributes": {
            "arn": "arn:aws:ec2:ap-northeast-2:182024812696:security-group/sg-0665993c84c22eaf3",
            "description": "Managed by Terraform",
            "egress": [
              {
                "cidr_blocks": [
                  "0.0.0.0/0"
                ],
                "description": "",
                "from_port": 0,
                "ipv6_cidr_blocks": [],
                "prefix_list_ids": [],
                "protocol": "-1",
                "security_groups": [],
                "self": false,
                "to_port": 0
              }
            ],
            "id": "sg-0665993c84c22eaf3",
            "ingress": [
              {
                "cidr_blocks": [
                  "218.39.50.99/32"
                ],
                "description": "",
                "from_port": 3306,
                "ipv6_cidr_blocks": [],
                "prefix_list_ids": [],
                "protocol": "tcp",
                "security_groups": [],
                "self": false,
                "to_port": 3306
              },
              {
                "cidr_blocks": [],
                "description": "",
                "from_port": 3306,
                "ipv6_cidr_blocks": [],
                "prefix_list_ids": [],
                "protocol": "tcp",
                "security_groups": [
                  "sg-0aa993a4a58861271"
                ],
                "self": false,
                "to_port": 3306
              }
            ],
            "name": "todolist-rds-sg",
            "name_prefix": "",
            "owner_id": "182024812696",
            "revoke_rules_on_delete": false,
            "tags": {
              "Name": "todolist-rds-sg"
            },
            "tags_all": {
              "Name": "todolist-rds-sg"
            },
            "timeouts": null,
            "vpc_id": "vpc-0e927f98dd6d76792"
          },
          "sensitive_attributes": [],
          "private": "eyJlMmJmYjczMC1lY2FhLTExZTYtOGY4OC0zNDM2M2JjN2M0YzAiOnsiY3JlYXRlIjo2MDAwMDAwMDAwMDAsImRlbGV0ZSI6OTAwMDAwMDAwMDAwfSwic2NoZW1hX3ZlcnNpb24iOiIxIn0=",
          "dependencies": [
            "aws_security_group.todolist-alb-sg",
            "aws_security_group.todolist-ecs-sg",
            "aws_vpc.vpc"
          ]
        }
      ]
    },
    {
      "mode": "managed",
      "type": "aws_subnet",
      "name": "publics",
      "provider": "provider[\"registry.terraform.io/hashicorp/aws\"]",
      "instances": [
        {
          "index_key": "ap-northeast-2a",
          "schema_version": 1,
          "attributes": {
            "arn": "arn:aws:ec2:ap-northeast-2:182024812696:subnet/subnet-090a39e7021af0252",
            "assign_ipv6_address_on_creation": false,
            "availability_zone": "ap-northeast-2a",
            "availability_zone_id": "apne2-az1",
            "cidr_block": "10.0.1.0/24",
            "customer_owned_ipv4_pool": "",
            "enable_dns64": false,
            "enable_lni_at_device_index": 0,
            "enable_resource_name_dns_a_record_on_launch": false,
            "enable_resource_name_dns_aaaa_record_on_launch": false,
            "id": "subnet-090a39e7021af0252",
            "ipv6_cidr_block": "",
            "ipv6_cidr_block_association_id": "",
            "ipv6_native": false,
            "map_customer_owned_ip_on_launch": false,
            "map_public_ip_on_launch": false,
            "outpost_arn": "",
            "owner_id": "182024812696",
            "private_dns_hostname_type_on_launch": "ip-name",
            "tags": {
              "Name": "ap-northeast-2a-public-poc"
            },
            "tags_all": {
              "Name": "ap-northeast-2a-public-poc"
            },
            "timeouts": null,
            "vpc_id": "vpc-0e927f98dd6d76792"
          },
          "sensitive_attributes": [],
          "private": "eyJlMmJmYjczMC1lY2FhLTExZTYtOGY4OC0zNDM2M2JjN2M0YzAiOnsiY3JlYXRlIjo2MDAwMDAwMDAwMDAsImRlbGV0ZSI6MTIwMDAwMDAwMDAwMH0sInNjaGVtYV92ZXJzaW9uIjoiMSJ9",
          "dependencies": [
            "aws_vpc.vpc"
          ],
          "create_before_destroy": true
        },
        {
          "index_key": "ap-northeast-2b",
          "schema_version": 1,
          "attributes": {
            "arn": "arn:aws:ec2:ap-northeast-2:182024812696:subnet/subnet-05808141f0c093170",
            "assign_ipv6_address_on_creation": false,
            "availability_zone": "ap-northeast-2b",
            "availability_zone_id": "apne2-az2",
            "cidr_block": "10.0.2.0/24",
            "customer_owned_ipv4_pool": "",
            "enable_dns64": false,
            "enable_lni_at_device_index": 0,
            "enable_resource_name_dns_a_record_on_launch": false,
            "enable_resource_name_dns_aaaa_record_on_launch": false,
            "id": "subnet-05808141f0c093170",
            "ipv6_cidr_block": "",
            "ipv6_cidr_block_association_id": "",
            "ipv6_native": false,
            "map_customer_owned_ip_on_launch": false,
            "map_public_ip_on_launch": false,
            "outpost_arn": "",
            "owner_id": "182024812696",
            "private_dns_hostname_type_on_launch": "ip-name",
            "tags": {
              "Name": "ap-northeast-2b-public-poc"
            },
            "tags_all": {
              "Name": "ap-northeast-2b-public-poc"
            },
            "timeouts": null,
            "vpc_id": "vpc-0e927f98dd6d76792"
          },
          "sensitive_attributes": [],
          "private": "eyJlMmJmYjczMC1lY2FhLTExZTYtOGY4OC0zNDM2M2JjN2M0YzAiOnsiY3JlYXRlIjo2MDAwMDAwMDAwMDAsImRlbGV0ZSI6MTIwMDAwMDAwMDAwMH0sInNjaGVtYV92ZXJzaW9uIjoiMSJ9",
          "dependencies": [
            "aws_vpc.vpc"
          ],
          "create_before_destroy": true
        }
      ]
    },
    {
      "mode": "managed",
      "type": "aws_vpc",
      "name": "vpc",
      "provider": "provider[\"registry.terraform.io/hashicorp/aws\"]",
      "instances": [
        {
          "schema_version": 1,
          "attributes": {
            "arn": "arn:aws:ec2:ap-northeast-2:182024812696:vpc/vpc-0e927f98dd6d76792",
            "assign_generated_ipv6_cidr_block": false,
            "cidr_block": "10.0.0.0/16",
            "default_network_acl_id": "acl-07a6f18a33e20c7d5",
            "default_route_table_id": "rtb-0eb227dff1bdb40e5",
            "default_security_group_id": "sg-02318d56088030521",
            "dhcp_options_id": "dopt-00db6602bf8d3ab9d",
            "enable_dns_hostnames": true,
            "enable_dns_support": true,
            "enable_network_address_usage_metrics": false,
            "id": "vpc-0e927f98dd6d76792",
            "instance_tenancy": "default",
            "ipv4_ipam_pool_id": null,
            "ipv4_netmask_length": null,
            "ipv6_association_id": "",
            "ipv6_cidr_block": "",
            "ipv6_cidr_block_network_border_group": "",
            "ipv6_ipam_pool_id": "",
            "ipv6_netmask_length": 0,
            "main_route_table_id": "rtb-0eb227dff1bdb40e5",
            "owner_id": "182024812696",
            "tags": {
              "Name": "vpc-poc"
            },
            "tags_all": {
              "Name": "vpc-poc"
            }
          },
          "sensitive_attributes": [],
          "private": "eyJzY2hlbWFfdmVyc2lvbiI6IjEifQ==",
          "create_before_destroy": true
        }
      ]
    },
    {
      "module": "module.alb-todolist",
      "mode": "managed",
      "type": "aws_lb",
      "name": "this",
      "provider": "provider[\"registry.terraform.io/hashicorp/aws\"]",
      "instances": [
        {
          "index_key": 0,
          "schema_version": 0,
          "attributes": {
            "access_logs": [
              {
                "bucket": "",
                "enabled": false,
                "prefix": ""
              }
            ],
            "arn": "arn:aws:elasticloadbalancing:ap-northeast-2:182024812696:loadbalancer/app/todolist-alb-poc/32222ede2e5866ca",
            "arn_suffix": "app/todolist-alb-poc/32222ede2e5866ca",
            "customer_owned_ipv4_pool": "",
            "desync_mitigation_mode": "defensive",
            "dns_name": "todolist-alb-poc-1992200202.ap-northeast-2.elb.amazonaws.com",
            "drop_invalid_header_fields": false,
            "enable_cross_zone_load_balancing": true,
            "enable_deletion_protection": false,
            "enable_http2": true,
            "enable_tls_version_and_cipher_suite_headers": false,
            "enable_waf_fail_open": false,
            "enable_xff_client_port": true,
            "id": "arn:aws:elasticloadbalancing:ap-northeast-2:182024812696:loadbalancer/app/todolist-alb-poc/32222ede2e5866ca",
            "idle_timeout": 60,
            "internal": false,
            "ip_address_type": "ipv4",
            "load_balancer_type": "application",
            "name": "todolist-alb-poc",
            "name_prefix": null,
            "preserve_host_header": false,
            "security_groups": [
              "sg-0aa4fe807826c49cd",
              "sg-0bc657cb85fab97f6"
            ],
            "subnet_mapping": [
              {
                "allocation_id": "",
                "ipv6_address": "",
                "outpost_id": "",
                "private_ipv4_address": "",
                "subnet_id": "subnet-05808141f0c093170"
              },
              {
                "allocation_id": "",
                "ipv6_address": "",
                "outpost_id": "",
                "private_ipv4_address": "",
                "subnet_id": "subnet-090a39e7021af0252"
              }
            ],
            "subnets": [
              "subnet-05808141f0c093170",
              "subnet-090a39e7021af0252"
            ],
            "tags": {
              "Name": "todolist-alb-poc"
            },
            "tags_all": {
              "Name": "todolist-alb-poc"
            },
            "timeouts": {
              "create": "10m",
              "delete": "10m",
              "update": "10m"
            },
            "vpc_id": "vpc-0e927f98dd6d76792",
            "xff_header_processing_mode": "append",
            "zone_id": "ZWKZPGTI48KDX"
          },
          "sensitive_attributes": [],
          "private": "eyJlMmJmYjczMC1lY2FhLTExZTYtOGY4OC0zNDM2M2JjN2M0YzAiOnsiY3JlYXRlIjo2MDAwMDAwMDAwMDAsImRlbGV0ZSI6NjAwMDAwMDAwMDAwLCJ1cGRhdGUiOjYwMDAwMDAwMDAwMH19",
          "dependencies": [
            "aws_security_group.todolist-alb-sg",
            "aws_subnet.publics",
            "aws_vpc.vpc",
            "module.alb-todolist.aws_security_group.this"
          ]
        }
      ]
    },
    {
      "module": "module.alb-todolist",
      "mode": "managed",
      "type": "aws_lb_listener",
      "name": "frontend_http_tcp",
      "provider": "provider[\"registry.terraform.io/hashicorp/aws\"]",
      "instances": [
        {
          "index_key": 0,
          "schema_version": 0,
          "attributes": {
            "alpn_policy": null,
            "arn": "arn:aws:elasticloadbalancing:ap-northeast-2:182024812696:listener/app/todolist-alb-poc/32222ede2e5866ca/8d38b588d8c098a3",
            "certificate_arn": null,
            "default_action": [
              {
                "authenticate_cognito": [],
                "authenticate_oidc": [],
                "fixed_response": [],
                "forward": [],
                "order": 1,
                "redirect": [],
                "target_group_arn": "arn:aws:elasticloadbalancing:ap-northeast-2:182024812696:targetgroup/blue-todolist-tg/77526cd5c010706f",
                "type": "forward"
              }
            ],
            "id": "arn:aws:elasticloadbalancing:ap-northeast-2:182024812696:listener/app/todolist-alb-poc/32222ede2e5866ca/8d38b588d8c098a3",
            "load_balancer_arn": "arn:aws:elasticloadbalancing:ap-northeast-2:182024812696:loadbalancer/app/todolist-alb-poc/32222ede2e5866ca",
            "port": 80,
            "protocol": "HTTP",
            "ssl_policy": "",
            "tags": {},
            "tags_all": {},
            "timeouts": null
          },
          "sensitive_attributes": [],
          "private": "eyJlMmJmYjczMC1lY2FhLTExZTYtOGY4OC0zNDM2M2JjN2M0YzAiOnsicmVhZCI6NjAwMDAwMDAwMDAwfX0=",
          "dependencies": [
            "aws_security_group.todolist-alb-sg",
            "aws_subnet.publics",
            "aws_vpc.vpc",
            "module.alb-todolist.aws_lb.this",
            "module.alb-todolist.aws_lb_target_group.main",
            "module.alb-todolist.aws_security_group.this"
          ]
        }
      ]
    },
    {
      "module": "module.alb-todolist",
      "mode": "managed",
      "type": "aws_lb_target_group",
      "name": "main",
      "provider": "provider[\"registry.terraform.io/hashicorp/aws\"]",
      "instances": [
        {
          "index_key": 0,
          "schema_version": 0,
          "attributes": {
            "arn": "arn:aws:elasticloadbalancing:ap-northeast-2:182024812696:targetgroup/blue-todolist-tg/77526cd5c010706f",
            "arn_suffix": "targetgroup/blue-todolist-tg/77526cd5c010706f",
            "connection_termination": false,
            "deregistration_delay": "300",
            "health_check": [
              {
                "enabled": true,
                "healthy_threshold": 3,
                "interval": 30,
                "matcher": "200",
                "path": "/health",
                "port": "traffic-port",
                "protocol": "HTTP",
                "timeout": 6,
                "unhealthy_threshold": 3
              }
            ],
            "id": "arn:aws:elasticloadbalancing:ap-northeast-2:182024812696:targetgroup/blue-todolist-tg/77526cd5c010706f",
            "ip_address_type": "ipv4",
            "lambda_multi_value_headers_enabled": false,
            "load_balancing_algorithm_type": "round_robin",
            "load_balancing_cross_zone_enabled": "use_load_balancer_configuration",
            "name": "blue-todolist-tg",
            "name_prefix": null,
            "port": 3000,
            "preserve_client_ip": null,
            "protocol": "HTTP",
            "protocol_version": "HTTP1",
            "proxy_protocol_v2": false,
            "slow_start": 0,
            "stickiness": [
              {
                "cookie_duration": 86400,
                "cookie_name": "",
                "enabled": false,
                "type": "lb_cookie"
              }
            ],
            "tags": {
              "Name": "blue-todolist-tg"
            },
            "tags_all": {
              "Name": "blue-todolist-tg"
            },
            "target_failover": [
              {
                "on_deregistration": null,
                "on_unhealthy": null
              }
            ],
            "target_type": "ip",
            "vpc_id": "vpc-0e927f98dd6d76792"
          },
          "sensitive_attributes": [],
          "private": "bnVsbA==",
          "dependencies": [
            "aws_vpc.vpc"
          ],
          "create_before_destroy": true
        },
        {
          "index_key": 1,
          "schema_version": 0,
          "attributes": {
            "arn": "arn:aws:elasticloadbalancing:ap-northeast-2:182024812696:targetgroup/grenn-todolist-tg/73c18587d934fdd2",
            "arn_suffix": "targetgroup/grenn-todolist-tg/73c18587d934fdd2",
            "connection_termination": false,
            "deregistration_delay": "300",
            "health_check": [
              {
                "enabled": true,
                "healthy_threshold": 3,
                "interval": 30,
                "matcher": "200",
                "path": "/health",
                "port": "traffic-port",
                "protocol": "HTTP",
                "timeout": 6,
                "unhealthy_threshold": 3
              }
            ],
            "id": "arn:aws:elasticloadbalancing:ap-northeast-2:182024812696:targetgroup/grenn-todolist-tg/73c18587d934fdd2",
            "ip_address_type": "ipv4",
            "lambda_multi_value_headers_enabled": false,
            "load_balancing_algorithm_type": "round_robin",
            "load_balancing_cross_zone_enabled": "use_load_balancer_configuration",
            "name": "grenn-todolist-tg",
            "name_prefix": null,
            "port": 3000,
            "preserve_client_ip": null,
            "protocol": "HTTP",
            "protocol_version": "HTTP1",
            "proxy_protocol_v2": false,
            "slow_start": 0,
            "stickiness": [
              {
                "cookie_duration": 86400,
                "cookie_name": "",
                "enabled": false,
                "type": "lb_cookie"
              }
            ],
            "tags": {
              "Name": "grenn-todolist-tg"
            },
            "tags_all": {
              "Name": "grenn-todolist-tg"
            },
            "target_failover": [
              {
                "on_deregistration": null,
                "on_unhealthy": null
              }
            ],
            "target_type": "ip",
            "vpc_id": "vpc-0e927f98dd6d76792"
          },
          "sensitive_attributes": [],
          "private": "bnVsbA==",
          "dependencies": [
            "aws_vpc.vpc"
          ],
          "create_before_destroy": true
        }
      ]
    },
    {
      "module": "module.alb-todolist",
      "mode": "managed",
      "type": "aws_security_group",
      "name": "this",
      "provider": "provider[\"registry.terraform.io/hashicorp/aws\"]",
      "instances": [
        {
          "index_key": 0,
          "schema_version": 1,
          "attributes": {
            "arn": "arn:aws:ec2:ap-northeast-2:182024812696:security-group/sg-0aa4fe807826c49cd",
            "description": "Managed by Terraform",
            "egress": [],
            "id": "sg-0aa4fe807826c49cd",
            "ingress": [],
            "name": "todolist-alb-poc-20230806092924053200000004",
            "name_prefix": "todolist-alb-poc-",
            "owner_id": "182024812696",
            "revoke_rules_on_delete": false,
            "tags": {
              "Name": "todolist-alb-poc"
            },
            "tags_all": {
              "Name": "todolist-alb-poc"
            },
            "timeouts": null,
            "vpc_id": "vpc-0e927f98dd6d76792"
          },
          "sensitive_attributes": [],
          "private": "eyJlMmJmYjczMC1lY2FhLTExZTYtOGY4OC0zNDM2M2JjN2M0YzAiOnsiY3JlYXRlIjo2MDAwMDAwMDAwMDAsImRlbGV0ZSI6OTAwMDAwMDAwMDAwfSwic2NoZW1hX3ZlcnNpb24iOiIxIn0=",
          "dependencies": [
            "aws_vpc.vpc"
          ],
          "create_before_destroy": true
        }
      ]
    }
  ],
  "check_results": null
}
